
Microsoft Visual Studio Solution File, Format Version 12.00
# Visual Studio Version 17
VisualStudioVersion = 17.14.36203.30 d17.14
MinimumVisualStudioVersion = 10.0.40219.1
Project("{FAE04EC0-301F-11D3-BF4B-00C04F79EFBC}") = "PruebaItalika_ErickAdiranHernandezAburto", "PruebaItalika_ErickAdiranHernandezAburto\PruebaItalika_ErickAdiranHernandezAburto.csproj", "{8403ADAA-8613-4FA2-95AD-D9EF8927D6F6}"
EndProject
Global
	GlobalSection(SolutionConfigurationPlatforms) = preSolution
		Debug|Any CPU = Debug|Any CPU
		Release|Any CPU = Release|Any CPU
	EndGlobalSection
	GlobalSection(ProjectConfigurationPlatforms) = postSolution
		{8403ADAA-8613-4FA2-95AD-D9EF8927D6F6}.Debug|Any CPU.ActiveCfg = Debug|Any CPU
		{8403ADAA-8613-4FA2-95AD-D9EF8927D6F6}.Debug|Any CPU.Build.0 = Debug|Any CPU
		{8403ADAA-8613-4FA2-95AD-D9EF8927D6F6}.Release|Any CPU.ActiveCfg = Release|Any CPU
		{8403ADAA-8613-4FA2-95AD-D9EF8927D6F6}.Release|Any CPU.Build.0 = Release|Any CPU
	EndGlobalSection
	GlobalSection(SolutionProperties) = preSolution
		HideSolutionNode = FALSE
	EndGlobalSection
	GlobalSection(ExtensibilityGlobals) = postSolution
		SolutionGuid = {A770A62F-62D5-444D-8F55-88E0AA8E4D23}
	EndGlobalSection
EndGlobal
